// !$*UTF8*$!
{
	archiveVersion = 1;
	classes = {
	};
	objectVersion = 56;
	objects = {

/* Begin PBXBuildFile section */
		84A14E5E2B6E422500768772 /* test_1221App.swift in Sources */ = {isa = PBXBuildFile; fileRef = 84A14E5D2B6E422500768772 /* test_1221App.swift */; };
		84A14E602B6E422500768772 /* ContentView.swift in Sources */ = {isa = PBXBuildFile; fileRef = 84A14E5F2B6E422500768772 /* ContentView.swift */; };
		84A14E622B6E422600768772 /* Assets.xcassets in Resources */ = {isa = PBXBuildFile; fileRef = 84A14E612B6E422600768772 /* Assets.xcassets */; };
		84A14E652B6E422600768772 /* Preview Assets.xcassets in Resources */ = {isa = PBXBuildFile; fileRef = 84A14E642B6E422600768772 /* Preview Assets.xcassets */; };
		84A14E6F2B6E831400768772 /* DottedSpacer.swift in Sources */ = {isa = PBXBuildFile; fileRef = 84A14E6E2B6E831400768772 /* DottedSpacer.swift */; };
		84A14E712B6E834700768772 /* FractionView.swift in Sources */ = {isa = PBXBuildFile; fileRef = 84A14E702B6E834700768772 /* FractionView.swift */; };
		84A14E732B6E837300768772 /* CountPicker.swift in Sources */ = {isa = PBXBuildFile; fileRef = 84A14E722B6E837300768772 /* CountPicker.swift */; };
		84A14E752B6E837F00768772 /* PriceLabel.swift in Sources */ = {isa = PBXBuildFile; fileRef = 84A14E742B6E837F00768772 /* PriceLabel.swift */; };
		84A14E782B6E838D00768772 /* PriceView.swift in Sources */ = {isa = PBXBuildFile; fileRef = 84A14E772B6E838D00768772 /* PriceView.swift */; };
		84A14E7A2B6E83ED00768772 /* HomeView.swift in Sources */ = {isa = PBXBuildFile; fileRef = 84A14E792B6E83ED00768772 /* HomeView.swift */; };
		84A14E7C2B6E83F600768772 /* ImageView.swift in Sources */ = {isa = PBXBuildFile; fileRef = 84A14E7B2B6E83F600768772 /* ImageView.swift */; };
		84A14E7E2B6E840F00768772 /* ScoreView.swift in Sources */ = {isa = PBXBuildFile; fileRef = 84A14E7D2B6E840F00768772 /* ScoreView.swift */; };
		84A14E802B6E841C00768772 /* LabelView.swift in Sources */ = {isa = PBXBuildFile; fileRef = 84A14E7F2B6E841C00768772 /* LabelView.swift */; };
		84A14E832B6E843900768772 /* CountryView.swift in Sources */ = {isa = PBXBuildFile; fileRef = 84A14E822B6E843900768772 /* CountryView.swift */; };
		84A14E852B6E844100768772 /* DescriptionView.swift in Sources */ = {isa = PBXBuildFile; fileRef = 84A14E842B6E844100768772 /* DescriptionView.swift */; };
		84A14E872B6E844900768772 /* SpecificationsView.swift in Sources */ = {isa = PBXBuildFile; fileRef = 84A14E862B6E844900768772 /* SpecificationsView.swift */; };
		84A14E892B6E845200768772 /* CommentView.swift in Sources */ = {isa = PBXBuildFile; fileRef = 84A14E882B6E845200768772 /* CommentView.swift */; };
		84A14E8B2B6E845B00768772 /* OneCommentView.swift in Sources */ = {isa = PBXBuildFile; fileRef = 84A14E8A2B6E845B00768772 /* OneCommentView.swift */; };
		84A14E8D2B6E846300768772 /* FullScreenImageView.swift in Sources */ = {isa = PBXBuildFile; fileRef = 84A14E8C2B6E846300768772 /* FullScreenImageView.swift */; };
/* End PBXBuildFile section */

/* Begin PBXFileReference section */
		84A14E5A2B6E422400768772 /* test_1221.app */ = {isa = PBXFileReference; explicitFileType = wrapper.application; includeInIndex = 0; path = test_1221.app; sourceTree = BUILT_PRODUCTS_DIR; };
		84A14E5D2B6E422500768772 /* test_1221App.swift */ = {isa = PBXFileReference; lastKnownFileType = sourcecode.swift; path = test_1221App.swift; sourceTree = "<group>"; };
		84A14E5F2B6E422500768772 /* ContentView.swift */ = {isa = PBXFileReference; lastKnownFileType = sourcecode.swift; path = ContentView.swift; sourceTree = "<group>"; };
		84A14E612B6E422600768772 /* Assets.xcassets */ = {isa = PBXFileReference; lastKnownFileType = folder.assetcatalog; path = Assets.xcassets; sourceTree = "<group>"; };
		84A14E642B6E422600768772 /* Preview Assets.xcassets */ = {isa = PBXFileReference; lastKnownFileType = folder.assetcatalog; path = "Preview Assets.xcassets"; sourceTree = "<group>"; };
		84A14E6E2B6E831400768772 /* DottedSpacer.swift */ = {isa = PBXFileReference; lastKnownFileType = sourcecode.swift; path = DottedSpacer.swift; sourceTree = "<group>"; };
		84A14E702B6E834700768772 /* FractionView.swift */ = {isa = PBXFileReference; lastKnownFileType = sourcecode.swift; path = FractionView.swift; sourceTree = "<group>"; };
		84A14E722B6E837300768772 /* CountPicker.swift */ = {isa = PBXFileReference; lastKnownFileType = sourcecode.swift; path = CountPicker.swift; sourceTree = "<group>"; };
		84A14E742B6E837F00768772 /* PriceLabel.swift */ = {isa = PBXFileReference; lastKnownFileType = sourcecode.swift; path = PriceLabel.swift; sourceTree = "<group>"; };
		84A14E772B6E838D00768772 /* PriceView.swift */ = {isa = PBXFileReference; lastKnownFileType = sourcecode.swift; path = PriceView.swift; sourceTree = "<group>"; };
		84A14E792B6E83ED00768772 /* HomeView.swift */ = {isa = PBXFileReference; lastKnownFileType = sourcecode.swift; path = HomeView.swift; sourceTree = "<group>"; };
		84A14E7B2B6E83F600768772 /* ImageView.swift */ = {isa = PBXFileReference; lastKnownFileType = sourcecode.swift; path = ImageView.swift; sourceTree = "<group>"; };
		84A14E7D2B6E840F00768772 /* ScoreView.swift */ = {isa = PBXFileReference; lastKnownFileType = sourcecode.swift; path = ScoreView.swift; sourceTree = "<group>"; };
		84A14E7F2B6E841C00768772 /* LabelView.swift */ = {isa = PBXFileReference; lastKnownFileType = sourcecode.swift; path = LabelView.swift; sourceTree = "<group>"; };
		84A14E822B6E843900768772 /* CountryView.swift */ = {isa = PBXFileReference; lastKnownFileType = sourcecode.swift; path = CountryView.swift; sourceTree = "<group>"; };
		84A14E842B6E844100768772 /* DescriptionView.swift */ = {isa = PBXFileReference; lastKnownFileType = sourcecode.swift; path = DescriptionView.swift; sourceTree = "<group>"; };
		84A14E862B6E844900768772 /* SpecificationsView.swift */ = {isa = PBXFileReference; lastKnownFileType = sourcecode.swift; path = SpecificationsView.swift; sourceTree = "<group>"; };
		84A14E882B6E845200768772 /* CommentView.swift */ = {isa = PBXFileReference; lastKnownFileType = sourcecode.swift; path = CommentView.swift; sourceTree = "<group>"; };
		84A14E8A2B6E845B00768772 /* OneCommentView.swift */ = {isa = PBXFileReference; lastKnownFileType = sourcecode.swift; path = OneCommentView.swift; sourceTree = "<group>"; };
		84A14E8C2B6E846300768772 /* FullScreenImageView.swift */ = {isa = PBXFileReference; lastKnownFileType = sourcecode.swift; path = FullScreenImageView.swift; sourceTree = "<group>"; };
/* End PBXFileReference section */

/* Begin PBXFrameworksBuildPhase section */
		84A14E572B6E422400768772 /* Frameworks */ = {
			isa = PBXFrameworksBuildPhase;
			buildActionMask = 2147483647;
			files = (
			);
			runOnlyForDeploymentPostprocessing = 0;
		};
/* End PBXFrameworksBuildPhase section */

/* Begin PBXGroup section */
		84A14E512B6E422400768772 = {
			isa = PBXGroup;
			children = (
				84A14E5C2B6E422400768772 /* test_1221 */,
				84A14E5B2B6E422400768772 /* Products */,
			);
			sourceTree = "<group>";
		};
		84A14E5B2B6E422400768772 /* Products */ = {
			isa = PBXGroup;
			children = (
				84A14E5A2B6E422400768772 /* test_1221.app */,
			);
			name = Products;
			sourceTree = "<group>";
		};
		84A14E5C2B6E422400768772 /* test_1221 */ = {
			isa = PBXGroup;
			children = (
				84A14E6D2B6E82E300768772 /* Components */,
				84A14E6C2B6E82DB00768772 /* Helpers */,
				84A14E6B2B6E82CF00768772 /* Views */,
				84A14E5D2B6E422500768772 /* test_1221App.swift */,
				84A14E5F2B6E422500768772 /* ContentView.swift */,
				84A14E612B6E422600768772 /* Assets.xcassets */,
				84A14E632B6E422600768772 /* Preview Content */,
			);
			path = test_1221;
			sourceTree = "<group>";
		};
		84A14E632B6E422600768772 /* Preview Content */ = {
			isa = PBXGroup;
			children = (
				84A14E642B6E422600768772 /* Preview Assets.xcassets */,
			);
			path = "Preview Content";
			sourceTree = "<group>";
		};
		84A14E6B2B6E82CF00768772 /* Views */ = {
			isa = PBXGroup;
			children = (
				84A14E792B6E83ED00768772 /* HomeView.swift */,
				84A14E7B2B6E83F600768772 /* ImageView.swift */,
				84A14E7D2B6E840F00768772 /* ScoreView.swift */,
				84A14E7F2B6E841C00768772 /* LabelView.swift */,
				84A14E822B6E843900768772 /* CountryView.swift */,
				84A14E842B6E844100768772 /* DescriptionView.swift */,
				84A14E862B6E844900768772 /* SpecificationsView.swift */,
				84A14E882B6E845200768772 /* CommentView.swift */,
				84A14E8A2B6E845B00768772 /* OneCommentView.swift */,
				84A14E8C2B6E846300768772 /* FullScreenImageView.swift */,
			);
			path = Views;
			sourceTree = "<group>";
		};
		84A14E6C2B6E82DB00768772 /* Helpers */ = {
			isa = PBXGroup;
			children = (
				84A14E6E2B6E831400768772 /* DottedSpacer.swift */,
				84A14E702B6E834700768772 /* FractionView.swift */,
			);
			path = Helpers;
			sourceTree = "<group>";
		};
		84A14E6D2B6E82E300768772 /* Components */ = {
			isa = PBXGroup;
			children = (
				84A14E722B6E837300768772 /* CountPicker.swift */,
				84A14E742B6E837F00768772 /* PriceLabel.swift */,
				84A14E772B6E838D00768772 /* PriceView.swift */,
			);
			path = Components;
			sourceTree = "<group>";
		};
/* End PBXGroup section */

/* Begin PBXNativeTarget section */
		84A14E592B6E422400768772 /* test_1221 */ = {
			isa = PBXNativeTarget;
			buildConfigurationList = 84A14E682B6E422600768772 /* Build configuration list for PBXNativeTarget "test_1221" */;
			buildPhases = (
				84A14E562B6E422400768772 /* Sources */,
				84A14E572B6E422400768772 /* Frameworks */,
				84A14E582B6E422400768772 /* Resources */,
			);
			buildRules = (
			);
			dependencies = (
			);
			name = test_1221;
			productName = test_1221;
			productReference = 84A14E5A2B6E422400768772 /* test_1221.app */;
			productType = "com.apple.product-type.application";
		};
/* End PBXNativeTarget section */

/* Begin PBXProject section */
		84A14E522B6E422400768772 /* Project object */ = {
			isa = PBXProject;
			attributes = {
				BuildIndependentTargetsInParallel = 1;
				LastSwiftUpdateCheck = 1510;
				LastUpgradeCheck = 1510;
				TargetAttributes = {
					84A14E592B6E422400768772 = {
						CreatedOnToolsVersion = 15.1;
					};
				};
			};
			buildConfigurationList = 84A14E552B6E422400768772 /* Build configuration list for PBXProject "test_1221" */;
			compatibilityVersion = "Xcode 14.0";
			developmentRegion = en;
			hasScannedForEncodings = 0;
			knownRegions = (
				en,
				Base,
			);
			mainGroup = 84A14E512B6E422400768772;
			productRefGroup = 84A14E5B2B6E422400768772 /* Products */;
			projectDirPath = "";
			projectRoot = "";
			targets = (
				84A14E592B6E422400768772 /* test_1221 */,
			);
		};
/* End PBXProject section */

/* Begin PBXResourcesBuildPhase section */
		84A14E582B6E422400768772 /* Resources */ = {
			isa = PBXResourcesBuildPhase;
			buildActionMask = 2147483647;
			files = (
				84A14E652B6E422600768772 /* Preview Assets.xcassets in Resources */,
				84A14E622B6E422600768772 /* Assets.xcassets in Resources */,
			);
			runOnlyForDeploymentPostprocessing = 0;
		};
/* End PBXResourcesBuildPhase section */

/* Begin PBXSourcesBuildPhase section */
		84A14E562B6E422400768772 /* Sources */ = {
			isa = PBXSourcesBuildPhase;
			buildActionMask = 2147483647;
			files = (
				84A14E752B6E837F00768772 /* PriceLabel.swift in Sources */,
				84A14E782B6E838D00768772 /* PriceView.swift in Sources */,
				84A14E852B6E844100768772 /* DescriptionView.swift in Sources */,
				84A14E8D2B6E846300768772 /* FullScreenImageView.swift in Sources */,
				84A14E892B6E845200768772 /* CommentView.swift in Sources */,
				84A14E602B6E422500768772 /* ContentView.swift in Sources */,
				84A14E832B6E843900768772 /* CountryView.swift in Sources */,
				84A14E6F2B6E831400768772 /* DottedSpacer.swift in Sources */,
				84A14E712B6E834700768772 /* FractionView.swift in Sources */,
				84A14E7A2B6E83ED00768772 /* HomeView.swift in Sources */,
				84A14E7C2B6E83F600768772 /* ImageView.swift in Sources */,
				84A14E802B6E841C00768772 /* LabelView.swift in Sources */,
				84A14E872B6E844900768772 /* SpecificationsView.swift in Sources */,
				84A14E5E2B6E422500768772 /* test_1221App.swift in Sources */,
				84A14E732B6E837300768772 /* CountPicker.swift in Sources */,
				84A14E7E2B6E840F00768772 /* ScoreView.swift in Sources */,
				84A14E8B2B6E845B00768772 /* OneCommentView.swift in Sources */,
			);
			runOnlyForDeploymentPostprocessing = 0;
		};
/* End PBXSourcesBuildPhase section */

/* Begin XCBuildConfiguration section */
		84A14E662B6E422600768772 /* Debug */ = {
			isa = XCBuildConfiguration;
			buildSettings = {
				ALWAYS_SEARCH_USER_PATHS = NO;
				ASSETCATALOG_COMPILER_GENERATE_SWIFT_ASSET_SYMBOL_EXTENSIONS = YES;
				CLANG_ANALYZER_NONNULL = YES;
				CLANG_ANALYZER_NUMBER_OBJECT_CONVERSION = YES_AGGRESSIVE;
				CLANG_CXX_LANGUAGE_STANDARD = "gnu++20";
				CLANG_ENABLE_MODULES = YES;
				CLANG_ENABLE_OBJC_ARC = YES;
				CLANG_ENABLE_OBJC_WEAK = YES;
				CLANG_WARN_BLOCK_CAPTURE_AUTORELEASING = YES;
				CLANG_WARN_BOOL_CONVERSION = YES;
				CLANG_WARN_COMMA = YES;
				CLANG_WARN_CONSTANT_CONVERSION = YES;
				CLANG_WARN_DEPRECATED_OBJC_IMPLEMENTATIONS = YES;
				CLANG_WARN_DIRECT_OBJC_ISA_USAGE = YES_ERROR;
				CLANG_WARN_DOCUMENTATION_COMMENTS = YES;
				CLANG_WARN_EMPTY_BODY = YES;
				CLANG_WARN_ENUM_CONVERSION = YES;
				CLANG_WARN_INFINITE_RECURSION = YES;
				CLANG_WARN_INT_CONVERSION = YES;
				CLANG_WARN_NON_LITERAL_NULL_CONVERSION = YES;
				CLANG_WARN_OBJC_IMPLICIT_RETAIN_SELF = YES;
				CLANG_WARN_OBJC_LITERAL_CONVERSION = YES;
				CLANG_WARN_OBJC_ROOT_CLASS = YES_ERROR;
				CLANG_WARN_QUOTED_INCLUDE_IN_FRAMEWORK_HEADER = YES;
				CLANG_WARN_RANGE_LOOP_ANALYSIS = YES;
				CLANG_WARN_STRICT_PROTOTYPES = YES;
				CLANG_WARN_SUSPICIOUS_MOVE = YES;
				CLANG_WARN_UNGUARDED_AVAILABILITY = YES_AGGRESSIVE;
				CLANG_WARN_UNREACHABLE_CODE = YES;
				CLANG_WARN__DUPLICATE_METHOD_MATCH = YES;
				COPY_PHASE_STRIP = NO;
				DEBUG_INFORMATION_FORMAT = dwarf;
				ENABLE_STRICT_OBJC_MSGSEND = YES;
				ENABLE_TESTABILITY = YES;
				ENABLE_USER_SCRIPT_SANDBOXING = YES;
				GCC_C_LANGUAGE_STANDARD = gnu17;
				GCC_DYNAMIC_NO_PIC = NO;
				GCC_NO_COMMON_BLOCKS = YES;
				GCC_OPTIMIZATION_LEVEL = 0;
				GCC_PREPROCESSOR_DEFINITIONS = (
					"DEBUG=1",
					"$(inherited)",
				);
				GCC_WARN_64_TO_32_BIT_CONVERSION = YES;
				GCC_WARN_ABOUT_RETURN_TYPE = YES_ERROR;
				GCC_WARN_UNDECLARED_SELECTOR = YES;
				GCC_WARN_UNINITIALIZED_AUTOS = YES_AGGRESSIVE;
				GCC_WARN_UNUSED_FUNCTION = YES;
				GCC_WARN_UNUSED_VARIABLE = YES;
				IPHONEOS_DEPLOYMENT_TARGET = 17.2;
				LOCALIZATION_PREFERS_STRING_CATALOGS = YES;
				MTL_ENABLE_DEBUG_INFO = INCLUDE_SOURCE;
				MTL_FAST_MATH = YES;
				ONLY_ACTIVE_ARCH = YES;
				SDKROOT = iphoneos;
				SWIFT_ACTIVE_COMPILATION_CONDITIONS = "DEBUG $(inherited)";
				SWIFT_OPTIMIZATION_LEVEL = "-Onone";
			};
			name = Debug;
		};
		84A14E672B6E422600768772 /* Release */ = {
			isa = XCBuildConfiguration;
			buildSettings = {
				ALWAYS_SEARCH_USER_PATHS = NO;
				ASSETCATALOG_COMPILER_GENERATE_SWIFT_ASSET_SYMBOL_EXTENSIONS = YES;
				CLANG_ANALYZER_NONNULL = YES;
				CLANG_ANALYZER_NUMBER_OBJECT_CONVERSION = YES_AGGRESSIVE;
				CLANG_CXX_LANGUAGE_STANDARD = "gnu++20";
				CLANG_ENABLE_MODULES = YES;
				CLANG_ENABLE_OBJC_ARC = YES;
				CLANG_ENABLE_OBJC_WEAK = YES;
				CLANG_WARN_BLOCK_CAPTURE_AUTORELEASING = YES;
				CLANG_WARN_BOOL_CONVERSION = YES;
				CLANG_WARN_COMMA = YES;
				CLANG_WARN_CONSTANT_CONVERSION = YES;
				CLANG_WARN_DEPRECATED_OBJC_IMPLEMENTATIONS = YES;
				CLANG_WARN_DIRECT_OBJC_ISA_USAGE = YES_ERROR;
				CLANG_WARN_DOCUMENTATION_COMMENTS = YES;
				CLANG_WARN_EMPTY_BODY = YES;
				CLANG_WARN_ENUM_CONVERSION = YES;
				CLANG_WARN_INFINITE_RECURSION = YES;
				CLANG_WARN_INT_CONVERSION = YES;
				CLANG_WARN_NON_LITERAL_NULL_CONVERSION = YES;
				CLANG_WARN_OBJC_IMPLICIT_RETAIN_SELF = YES;
				CLANG_WARN_OBJC_LITERAL_CONVERSION = YES;
				CLANG_WARN_OBJC_ROOT_CLASS = YES_ERROR;
				CLANG_WARN_QUOTED_INCLUDE_IN_FRAMEWORK_HEADER = YES;
				CLANG_WARN_RANGE_LOOP_ANALYSIS = YES;
				CLANG_WARN_STRICT_PROTOTYPES = YES;
				CLANG_WARN_SUSPICIOUS_MOVE = YES;
				CLANG_WARN_UNGUARDED_AVAILABILITY = YES_AGGRESSIVE;
				CLANG_WARN_UNREACHABLE_CODE = YES;
				CLANG_WARN__DUPLICATE_METHOD_MATCH = YES;
				COPY_PHASE_STRIP = NO;
				DEBUG_INFORMATION_FORMAT = "dwarf-with-dsym";
				ENABLE_NS_ASSERTIONS = NO;
				ENABLE_STRICT_OBJC_MSGSEND = YES;
				ENABLE_USER_SCRIPT_SANDBOXING = YES;
				GCC_C_LANGUAGE_STANDARD = gnu17;
				GCC_NO_COMMON_BLOCKS = YES;
				GCC_WARN_64_TO_32_BIT_CONVERSION = YES;
				GCC_WARN_ABOUT_RETURN_TYPE = YES_ERROR;
				GCC_WARN_UNDECLARED_SELECTOR = YES;
				GCC_WARN_UNINITIALIZED_AUTOS = YES_AGGRESSIVE;
				GCC_WARN_UNUSED_FUNCTION = YES;
				GCC_WARN_UNUSED_VARIABLE = YES;
				IPHONEOS_DEPLOYMENT_TARGET = 17.2;
				LOCALIZATION_PREFERS_STRING_CATALOGS = YES;
				MTL_ENABLE_DEBUG_INFO = NO;
				MTL_FAST_MATH = YES;
				SDKROOT = iphoneos;
				SWIFT_COMPILATION_MODE = wholemodule;
				VALIDATE_PRODUCT = YES;
			};
			name = Release;
		};
		84A14E692B6E422600768772 /* Debug */ = {
			isa = XCBuildConfiguration;
			buildSettings = {
				ASSETCATALOG_COMPILER_APPICON_NAME = AppIcon;
				ASSETCATALOG_COMPILER_GLOBAL_ACCENT_COLOR_NAME = AccentColor;
				CODE_SIGN_STYLE = Automatic;
				CURRENT_PROJECT_VERSION = 1;
				DEVELOPMENT_ASSET_PATHS = "\"test_1221/Preview Content\"";
				DEVELOPMENT_TEAM = 6UV938CGZH;
				ENABLE_PREVIEWS = YES;
				GENERATE_INFOPLIST_FILE = YES;
				INFOPLIST_KEY_UIApplicationSceneManifest_Generation = YES;
				INFOPLIST_KEY_UIApplicationSupportsIndirectInputEvents = YES;
				INFOPLIST_KEY_UILaunchScreen_Generation = YES;
				INFOPLIST_KEY_UISupportedInterfaceOrientations = UIInterfaceOrientationPortrait;
				INFOPLIST_KEY_UISupportedInterfaceOrientations_iPad = "UIInterfaceOrientationLandscapeLeft UIInterfaceOrientationLandscapeRight UIInterfaceOrientationPortrait UIInterfaceOrientationPortraitUpsideDown";
				IPHONEOS_DEPLOYMENT_TARGET = 14.0;
				LD_RUNPATH_SEARCH_PATHS = (
					"$(inherited)",
					"@executable_path/Frameworks",
				);
				MARKETING_VERSION = 1.0;
				PRODUCT_BUNDLE_IDENTIFIER = "ru.vasilev.test-1221";
				PRODUCT_NAME = "$(TARGET_NAME)";
				SUPPORTED_PLATFORMS = "iphoneos iphonesimulator";
				SUPPORTS_MACCATALYST = NO;
				SUPPORTS_MAC_DESIGNED_FOR_IPHONE_IPAD = NO;
				SWIFT_EMIT_LOC_STRINGS = YES;
				SWIFT_VERSION = 5.0;
				TARGETED_DEVICE_FAMILY = 1;
			};
			name = Debug;
		};
		84A14E6A2B6E422600768772 /* Release */ = {
			isa = XCBuildConfiguration;
			buildSettings = {
				ASSETCATALOG_COMPILER_APPICON_NAME = AppIcon;
				ASSETCATALOG_COMPILER_GLOBAL_ACCENT_COLOR_NAME = AccentColor;
				CODE_SIGN_STYLE = Automatic;
				CURRENT_PROJECT_VERSION = 1;
				DEVELOPMENT_ASSET_PATHS = "\"test_1221/Preview Content\"";
				DEVELOPMENT_TEAM = 6UV938CGZH;
				ENABLE_PREVIEWS = YES;
				GENERATE_INFOPLIST_FILE = YES;
				INFOPLIST_KEY_UIApplicationSceneManifest_Generation = YES;
				INFOPLIST_KEY_UIApplicationSupportsIndirectInputEvents = YES;
				INFOPLIST_KEY_UILaunchScreen_Generation = YES;
				INFOPLIST_KEY_UISupportedInterfaceOrientations = UIInterfaceOrientationPortrait;
				INFOPLIST_KEY_UISupportedInterfaceOrientations_iPad = "UIInterfaceOrientationLandscapeLeft UIInterfaceOrientationLandscapeRight UIInterfaceOrientationPortrait UIInterfaceOrientationPortraitUpsideDown";
				IPHONEOS_DEPLOYMENT_TARGET = 14.0;
				LD_RUNPATH_SEARCH_PATHS = (
					"$(inherited)",
					"@executable_path/Frameworks",
				);
				MARKETING_VERSION = 1.0;
				PRODUCT_BUNDLE_IDENTIFIER = "ru.vasilev.test-1221";
				PRODUCT_NAME = "$(TARGET_NAME)";
				SUPPORTED_PLATFORMS = "iphoneos iphonesimulator";
				SUPPORTS_MACCATALYST = NO;
				SUPPORTS_MAC_DESIGNED_FOR_IPHONE_IPAD = NO;
				SWIFT_EMIT_LOC_STRINGS = YES;
				SWIFT_VERSION = 5.0;
				TARGETED_DEVICE_FAMILY = 1;
			};
			name = Release;
		};
/* End XCBuildConfiguration section */

/* Begin XCConfigurationList section */
		84A14E552B6E422400768772 /* Build configuration list for PBXProject "test_1221" */ = {
			isa = XCConfigurationList;
			buildConfigurations = (
				84A14E662B6E422600768772 /* Debug */,
				84A14E672B6E422600768772 /* Release */,
			);
			defaultConfigurationIsVisible = 0;
			defaultConfigurationName = Release;
		};
		84A14E682B6E422600768772 /* Build configuration list for PBXNativeTarget "test_1221" */ = {
			isa = XCConfigurationList;
			buildConfigurations = (
				84A14E692B6E422600768772 /* Debug */,
				84A14E6A2B6E422600768772 /* Release */,
			);
			defaultConfigurationIsVisible = 0;
			defaultConfigurationName = Release;
		};
/* End XCConfigurationList section */
	};
	rootObject = 84A14E522B6E422400768772 /* Project object */;
}
